
Microsoft Visual Studio Solution File, Format Version 12.00
# Visual Studio Version 16
VisualStudioVersion = 16.0.29911.84
MinimumVisualStudioVersion = 10.0.40219.1
Project("{FAE04EC0-301F-11D3-BF4B-00C04F79EFBC}") = "Project K", "Project K\Project K.csproj", "{FF37EB2D-79F6-46F9-B1AF-1454FC453815}"
EndProject
Global
	GlobalSection(SolutionConfigurationPlatforms) = preSolution
		Debug|Any CPU = Debug|Any CPU
		Release|Any CPU = Release|Any CPU
	EndGlobalSection
	GlobalSection(ProjectConfigurationPlatforms) = postSolution
		{FF37EB2D-79F6-46F9-B1AF-1454FC453815}.Debug|Any CPU.ActiveCfg = Debug|Any CPU
		{FF37EB2D-79F6-46F9-B1AF-1454FC453815}.Debug|Any CPU.Build.0 = Debug|Any CPU
		{FF37EB2D-79F6-46F9-B1AF-1454FC453815}.Release|Any CPU.ActiveCfg = Release|Any CPU
		{FF37EB2D-79F6-46F9-B1AF-1454FC453815}.Release|Any CPU.Build.0 = Release|Any CPU
	EndGlobalSection
	GlobalSection(SolutionProperties) = preSolution
		HideSolutionNode = FALSE
	EndGlobalSection
	GlobalSection(ExtensibilityGlobals) = postSolution
		SolutionGuid = {01A93C78-E82E-4B27-AC16-BA53CDAFE86F}
	EndGlobalSection
EndGlobal
